#
# This file is autogenerated by pip-compile with Python 3.11
# by the following command:
#
#    pip-compile --output-file=requirements.lock pyproject.toml
#
alembic==1.18.5
    # via codebench-backend (pyproject.toml)
annotated-doc==0.0.4
    # via fastapi
annotated-types==0.7.0
    # via pydantic
anyio==4.14.1
    # via
    #   httpx
    #   openai
    #   starlette
    #   watchfiles
argon2-cffi==25.1.0
    # via codebench-backend (pyproject.toml)
argon2-cffi-bindings==25.1.0
    # via argon2-cffi
boto3==1.43.44
    # via codebench-backend (pyproject.toml)
botocore==1.43.44
    # via
    #   boto3
    #   s3transfer
certifi==2026.6.17
    # via
    #   httpcore
    #   httpx
cffi==2.1.0
    # via argon2-cffi-bindings
click==8.4.2
    # via
    #   rq
    #   uvicorn
contourpy==1.3.3
    # via matplotlib
coverage[toml]==7.15.0
    # via pytest-cov
croniter==6.2.3
    # via rq
cycler==0.12.1
    # via matplotlib
distro==1.9.0
    # via openai
et-xmlfile==2.0.0
    # via openpyxl
factory-boy==3.3.3
    # via codebench-backend (pyproject.toml)
faker==40.28.1
    # via factory-boy
fastapi==0.139.0
    # via codebench-backend (pyproject.toml)
fonttools==4.63.0
    # via matplotlib
ftfy==6.3.1
    # via codebench-backend (pyproject.toml)
greenlet==3.5.3
    # via sqlalchemy
h11==0.16.0
    # via
    #   httpcore
    #   uvicorn
hdbscan==0.8.44
    # via codebench-backend (pyproject.toml)
httpcore==1.0.9
    # via httpx
httptools==0.8.0
    # via uvicorn
httpx==0.28.1
    # via
    #   codebench-backend (pyproject.toml)
    #   openai
idna==3.18
    # via
    #   anyio
    #   httpx
iniconfig==2.3.0
    # via pytest
itsdangerous==2.2.0
    # via codebench-backend (pyproject.toml)
jiter==0.16.0
    # via openai
jmespath==1.1.0
    # via
    #   boto3
    #   botocore
joblib==1.5.3
    # via
    #   hdbscan
    #   pynndescent
    #   scikit-learn
kiwisolver==1.5.0
    # via matplotlib
lingua-language-detector==2.1.1
    # via codebench-backend (pyproject.toml)
llvmlite==0.48.0
    # via
    #   numba
    #   pynndescent
mako==1.3.12
    # via alembic
markupsafe==3.0.3
    # via mako
matplotlib==3.11.0
    # via
    #   codebench-backend (pyproject.toml)
    #   seaborn
narwhals==2.23.0
    # via scikit-learn
numba==0.66.0
    # via
    #   pynndescent
    #   umap-learn
numpy==2.4.6
    # via
    #   codebench-backend (pyproject.toml)
    #   contourpy
    #   hdbscan
    #   matplotlib
    #   numba
    #   pandas
    #   scikit-learn
    #   scipy
    #   seaborn
    #   umap-learn
openai==2.44.0
    # via codebench-backend (pyproject.toml)
openpyxl==3.1.5
    # via codebench-backend (pyproject.toml)
packaging==26.2
    # via
    #   matplotlib
    #   pytest
pandas==3.0.3
    # via
    #   codebench-backend (pyproject.toml)
    #   seaborn
pillow==12.3.0
    # via matplotlib
pluggy==1.6.0
    # via
    #   pytest
    #   pytest-cov
psycopg[binary]==3.3.4
    # via codebench-backend (pyproject.toml)
psycopg-binary==3.3.4
    # via psycopg
pyarrow==24.0.0
    # via codebench-backend (pyproject.toml)
pycparser==3.0
    # via cffi
pydantic==2.13.4
    # via
    #   fastapi
    #   openai
    #   pydantic-settings
pydantic-core==2.46.4
    # via pydantic
pydantic-settings==2.14.2
    # via codebench-backend (pyproject.toml)
pygments==2.20.0
    # via pytest
pynndescent==0.6.0
    # via umap-learn
pyparsing==3.3.2
    # via matplotlib
pytest==9.1.1
    # via
    #   codebench-backend (pyproject.toml)
    #   pytest-asyncio
    #   pytest-cov
pytest-asyncio==1.4.0
    # via codebench-backend (pyproject.toml)
pytest-cov==7.1.0
    # via codebench-backend (pyproject.toml)
python-dateutil==2.9.0.post0
    # via
    #   botocore
    #   croniter
    #   matplotlib
    #   pandas
python-dotenv==1.2.2
    # via
    #   pydantic-settings
    #   uvicorn
python-multipart==0.0.32
    # via codebench-backend (pyproject.toml)
pyyaml==6.0.3
    # via uvicorn
redis==8.0.1
    # via
    #   codebench-backend (pyproject.toml)
    #   rq
rq==2.10.0
    # via codebench-backend (pyproject.toml)
ruff==0.15.20
    # via codebench-backend (pyproject.toml)
s3transfer==0.19.0
    # via boto3
scikit-learn==1.9.0
    # via
    #   codebench-backend (pyproject.toml)
    #   hdbscan
    #   pynndescent
    #   umap-learn
scipy==1.17.1
    # via
    #   hdbscan
    #   pynndescent
    #   scikit-learn
    #   umap-learn
seaborn==0.13.2
    # via codebench-backend (pyproject.toml)
six==1.17.0
    # via python-dateutil
sniffio==1.3.1
    # via openai
sqlalchemy==2.0.51
    # via
    #   alembic
    #   codebench-backend (pyproject.toml)
starlette==1.3.1
    # via fastapi
tenacity==9.1.4
    # via codebench-backend (pyproject.toml)
threadpoolctl==3.6.0
    # via scikit-learn
tqdm==4.68.4
    # via
    #   openai
    #   umap-learn
typing-extensions==4.16.0
    # via
    #   alembic
    #   anyio
    #   fastapi
    #   openai
    #   psycopg
    #   pydantic
    #   pydantic-core
    #   pytest-asyncio
    #   sqlalchemy
    #   starlette
    #   typing-inspection
typing-inspection==0.4.2
    # via
    #   fastapi
    #   pydantic
    #   pydantic-settings
umap-learn==0.5.12
    # via codebench-backend (pyproject.toml)
urllib3==2.7.0
    # via botocore
uvicorn[standard]==0.51.0
    # via codebench-backend (pyproject.toml)
uvloop==0.22.1
    # via uvicorn
watchfiles==1.2.0
    # via uvicorn
wcwidth==0.8.2
    # via ftfy
websockets==16.0
    # via uvicorn
